
Microsoft Visual Studio Solution File, Format Version 12.00
# Visual Studio Version 16
VisualStudioVersion = 16.0.29509.3
MinimumVisualStudioVersion = 10.0.40219.1
Project("{FAE04EC0-301F-11D3-BF4B-00C04F79EFBC}") = "OpenAC.Net.CEP", "OpenAC.Net.CEP\OpenAC.Net.CEP.csproj", "{50B0D8AA-B1B7-47F2-AD29-A2AF24A1557C}"
EndProject
Global
	GlobalSection(SolutionConfigurationPlatforms) = preSolution
		Debug|Any CPU = Debug|Any CPU
		Release|Any CPU = Release|Any CPU
	EndGlobalSection
	GlobalSection(ProjectConfigurationPlatforms) = postSolution
		{50B0D8AA-B1B7-47F2-AD29-A2AF24A1557C}.Debug|Any CPU.ActiveCfg = Debug|Any CPU
		{50B0D8AA-B1B7-47F2-AD29-A2AF24A1557C}.Debug|Any CPU.Build.0 = Debug|Any CPU
		{50B0D8AA-B1B7-47F2-AD29-A2AF24A1557C}.Release|Any CPU.ActiveCfg = Release|Any CPU
		{50B0D8AA-B1B7-47F2-AD29-A2AF24A1557C}.Release|Any CPU.Build.0 = Release|Any CPU
	EndGlobalSection
	GlobalSection(SolutionProperties) = preSolution
		HideSolutionNode = FALSE
	EndGlobalSection
	GlobalSection(ExtensibilityGlobals) = postSolution
		SolutionGuid = {4CCD8A0A-1565-47CD-91FA-B40ED3F6545C}
	EndGlobalSection
EndGlobal
